{
    "name": "webvi-plotly",
    "version": "1.0.0",
    "lockfileVersion": 1,
    "requires": true,
    "dependencies": {
        "plotly.js-dist-min": {
            "version": "1.58.4",
            "resolved": "https://registry.npmjs.org/plotly.js-dist-min/-/plotly.js-dist-min-1.58.4.tgz",
            "integrity": "sha512-9O3q1Wl5vL1diYwPE1AJQHtSBVqEGwUXCP+i6Xf6jA1iMFYUL4Rld5WCEcZXPtk/8owq6eqjQ78KEdxqRWHnfw=="
        }
    }
}
