{
    "name": "webvi-plotly",
    "version": "1.0.0",
    "lockfileVersion": 3,
    "requires": true,
    "packages": {
        "": {
            "name": "webvi-plotly",
            "version": "1.0.0",
            "dependencies": {
                "plotly.js-dist-min": "^2.24.2"
            }
        },
        "node_modules/plotly.js-dist-min": {
            "version": "2.24.2",
            "resolved": "https://registry.npmjs.org/plotly.js-dist-min/-/plotly.js-dist-min-2.24.2.tgz",
            "integrity": "sha512-FOmmzC2WhSIffhC9OQf/Lqvt59R+nzOoqYlnauDEr2SrjCM7lJFV8u9CI2f4lL20EgJZfLRSMbo5mG5go10YLw=="
        }
    }
}
