{
    "name": "webvi-vireo-patch",
    "version": "1.0.0",
    "lockfileVersion": 2,
    "requires": true,
    "packages": {
        "": {
            "name": "webvi-vireo-patch",
            "version": "1.0.0",
            "dependencies": {
                "vireo": "^24.2.3"
            }
        },
        "node_modules/vireo": {
            "version": "24.2.3",
            "resolved": "https://registry.npmjs.org/vireo/-/vireo-24.2.3.tgz",
            "integrity": "sha512-/O+HDYBdsOlf6vgCRBUM2THvaFex2JOtMmY6jMjbRQ71HV/QUIH8C8qkGQpdOEYRGA/J+a1C5PM/qXJ1khZuTA=="
        }
    },
    "dependencies": {
        "vireo": {
            "version": "24.2.3",
            "resolved": "https://registry.npmjs.org/vireo/-/vireo-24.2.3.tgz",
            "integrity": "sha512-/O+HDYBdsOlf6vgCRBUM2THvaFex2JOtMmY6jMjbRQ71HV/QUIH8C8qkGQpdOEYRGA/J+a1C5PM/qXJ1khZuTA=="
        }
    }
}
