{
  "name": "webvi-debugprobe",
  "version": "1.0.0",
  "lockfileVersion": 1,
  "requires": true,
  "dependencies": {
    "jsonic": {
      "version": "0.3.1",
      "resolved": "https://registry.npmjs.org/jsonic/-/jsonic-0.3.1.tgz",
      "integrity": "sha512-5Md4EK3vPAMvP2sXY6M3/vQEPeX3LxEQBJuF979uypddXjsUlEoAI9/Nojh8tbw+YU5FjMoqSElO6oyjrAuprw=="
    }
  }
}
