{
  "version": "3",
  "packages": {
    "specifiers": {
      "jsr:@b-fuze/deno-dom@^0.1.47": "jsr:@b-fuze/deno-dom@0.1.47",
      "jsr:@kitsonk/xhr@^0.4.3": "jsr:@kitsonk/xhr@0.4.3",
      "jsr:@std/async@^1.0.0-rc.1": "jsr:@std/async@1.0.0-rc.4",
      "jsr:@std/cli@^0.224.7": "jsr:@std/cli@0.224.7",
      "jsr:@std/encoding@1.0.0-rc.2": "jsr:@std/encoding@1.0.0-rc.2",
      "jsr:@std/fmt@^0.225.4": "jsr:@std/fmt@0.225.6",
      "jsr:@std/http@^0.224.5": "jsr:@std/http@0.224.5",
      "jsr:@std/media-types@0.220": "jsr:@std/media-types@0.220.1",
      "jsr:@std/media-types@^1.0.0-rc.1": "jsr:@std/media-types@1.0.2",
      "jsr:@std/net@^0.224.3": "jsr:@std/net@0.224.5",
      "jsr:@std/path@1.0.0-rc.2": "jsr:@std/path@1.0.0-rc.2",
      "jsr:@std/path@^1.0.1": "jsr:@std/path@1.0.1",
      "jsr:@std/streams@^0.224.5": "jsr:@std/streams@0.224.5"
    },
    "jsr": {
      "@b-fuze/deno-dom@0.1.47": {
        "integrity": "270a888de91329f8ce3849211ece0ad97ce1e8b9a8a774f2bed2f43c8b0ffe8e"
      },
      "@kitsonk/xhr@0.4.3": {
        "integrity": "c3c531a76842aa161ee7265bf2d324476a8de5a81215398db6be943994ce31be",
        "dependencies": [
          "jsr:@std/media-types@0.220"
        ]
      },
      "@std/async@1.0.0-rc.4": {
        "integrity": "6d16ba99f2df32a7aa587c99e2a87140cc1eb8f38321dab3415b624bce90cc14"
      },
      "@std/cli@0.224.7": {
        "integrity": "654ca6477518e5e3a0d3fabafb2789e92b8c0febf1a1d24ba4b567aba94b5977"
      },
      "@std/encoding@1.0.0-rc.2": {
        "integrity": "160d7674a20ebfbccdf610b3801fee91cf6e42d1c106dd46bbaf46e395cd35ef"
      },
      "@std/fmt@0.225.6": {
        "integrity": "aba6aea27f66813cecfd9484e074a9e9845782ab0685c030e453a8a70b37afc8"
      },
      "@std/http@0.224.5": {
        "integrity": "b03b5d1529f6c423badfb82f6640f9f2557b4034cd7c30655ba5bb447ff750a4",
        "dependencies": [
          "jsr:@std/async@^1.0.0-rc.1",
          "jsr:@std/cli@^0.224.7",
          "jsr:@std/encoding@1.0.0-rc.2",
          "jsr:@std/fmt@^0.225.4",
          "jsr:@std/media-types@^1.0.0-rc.1",
          "jsr:@std/net@^0.224.3",
          "jsr:@std/path@1.0.0-rc.2",
          "jsr:@std/streams@^0.224.5"
        ]
      },
      "@std/media-types@0.220.1": {
        "integrity": "9dea30f7e0c87426ad8736678137ad277f1450f858efa1ef2c3aad6d9029b682"
      },
      "@std/media-types@1.0.2": {
        "integrity": "abb78dc8f7d88141cba8c4d60fc1e8b421e5c7b0d7c84f2f708bc666cad46784"
      },
      "@std/net@0.224.5": {
        "integrity": "9c2ae90a5c3dc7771da5ae5e13b6f7d5d0b316c1954c5d53f2bfc1129fb757ff"
      },
      "@std/path@1.0.0-rc.2": {
        "integrity": "39f20d37a44d1867abac8d91c169359ea6e942237a45a99ee1e091b32b921c7d"
      },
      "@std/path@1.0.1": {
        "integrity": "e061ff02c28481ca49e3a14981875c345e9fc7e973190672782cd0ac8af70428"
      },
      "@std/streams@0.224.5": {
        "integrity": "bcde7818dd5460d474cdbd674b15f6638b9cd73cd64e52bd852fba2bd4d8ec91"
      }
    }
  },
  "remote": {},
  "workspace": {
    "dependencies": [
      "jsr:@b-fuze/deno-dom@^0.1.47",
      "jsr:@kitsonk/xhr@^0.4.3",
      "jsr:@std/http@^0.224.5",
      "jsr:@std/path@^1.0.1"
    ]
  }
}
