{
  "version": "2",
  "remote": {
    "https://deno.land/std@0.150.0/media_types/_util.ts": "ce9b4fc4ba1c447dafab619055e20fd88236ca6bdd7834a21f98bd193c3fbfa1",
    "https://deno.land/std@0.150.0/media_types/mod.ts": "2d4b6f32a087029272dc59e0a55ae3cc4d1b27b794ccf528e94b1925795b3118",
    "https://deno.land/std@0.150.0/media_types/vendor/mime-db.v1.52.0.ts": "724cee25fa40f1a52d3937d6b4fbbfdd7791ff55e1b7ac08d9319d5632c7f5af",
    "https://deno.land/std@0.178.0/async/abortable.ts": "73acfb3ed7261ce0d930dbe89e43db8d34e017b063cf0eaa7d215477bf53442e",
    "https://deno.land/std@0.178.0/async/deadline.ts": "c5facb0b404eede83e38bd2717ea8ab34faa2ffb20ef87fd261fcba32ba307aa",
    "https://deno.land/std@0.178.0/async/debounce.ts": "adab11d04ca38d699444ac8a9d9856b4155e8dda2afd07ce78276c01ea5a4332",
    "https://deno.land/std@0.178.0/async/deferred.ts": "42790112f36a75a57db4a96d33974a936deb7b04d25c6084a9fa8a49f135def8",
    "https://deno.land/std@0.178.0/async/delay.ts": "73aa04cec034c84fc748c7be49bb15cac3dd43a57174bfdb7a4aec22c248f0dd",
    "https://deno.land/std@0.178.0/async/mod.ts": "f04344fa21738e5ad6bea37a6bfffd57c617c2d372bb9f9dcfd118a1b622e576",
    "https://deno.land/std@0.178.0/async/mux_async_iterator.ts": "70c7f2ee4e9466161350473ad61cac0b9f115cff4c552eaa7ef9d50c4cbb4cc9",
    "https://deno.land/std@0.178.0/async/pool.ts": "fd082bd4aaf26445909889435a5c74334c017847842ec035739b4ae637ae8260",
    "https://deno.land/std@0.178.0/async/retry.ts": "5efa3ba450ac0c07a40a82e2df296287b5013755d232049efd7ea2244f15b20f",
    "https://deno.land/std@0.178.0/async/tee.ts": "47e42d35f622650b02234d43803d0383a89eb4387e1b83b5a40106d18ae36757",
    "https://deno.land/std@0.178.0/encoding/base64.ts": "7de04c2f8aeeb41453b09b186480be90f2ff357613b988e99fabb91d2eeceba1",
    "https://deno.land/std@0.178.0/http/server.ts": "cbb17b594651215ba95c01a395700684e569c165a567e4e04bba327f41197433",
    "https://deno.land/x/deno_dom@v0.1.36-alpha/build/deno-wasm/deno-wasm.js": "3fa41dba4813e6d4b024a53a146b76e1afcbdf218fc02063442378c61239ed14",
    "https://deno.land/x/deno_dom@v0.1.36-alpha/deno-dom-wasm.ts": "bfd999a493a6974e9fca4d331bee03bfb68cfc600c662cd0b48b21d67a2a8ba0",
    "https://deno.land/x/deno_dom@v0.1.36-alpha/src/api.ts": "0ff5790f0a3eeecb4e00b7d8fbfa319b165962cf6d0182a65ba90f158d74f7d7",
    "https://deno.land/x/deno_dom@v0.1.36-alpha/src/constructor-lock.ts": "59714df7e0571ec7bd338903b1f396202771a6d4d7f55a452936bd0de9deb186",
    "https://deno.land/x/deno_dom@v0.1.36-alpha/src/deserialize.ts": "f4d34514ca00473ca428b69ad437ba345925744b5d791cb9552e2d7a0e7b0439",
    "https://deno.land/x/deno_dom@v0.1.36-alpha/src/dom/document-fragment.ts": "a40c6e18dd0efcf749a31552c1c9a6f7fa614452245e86ee38fc92ba0235e5ae",
    "https://deno.land/x/deno_dom@v0.1.36-alpha/src/dom/document.ts": "b8f4e4ccabaaa063d6562a0f2f8dea9c0419515d63d8bd79bfde95f7cd64bd93",
    "https://deno.land/x/deno_dom@v0.1.36-alpha/src/dom/dom-parser.ts": "609097b426f8c2358f3e5d2bca55ed026cf26cdf86562e94130dfdb0f2537f92",
    "https://deno.land/x/deno_dom@v0.1.36-alpha/src/dom/element.ts": "4a267c24d0e20b70741a14ab371a7511a4f3db682d3a1d229adaa66a46445fff",
    "https://deno.land/x/deno_dom@v0.1.36-alpha/src/dom/elements/html-template-element.ts": "19ad97c55222115e8daaca2788b9c98cc31a7f9d2547ed5bca0c56a4a12bfec8",
    "https://deno.land/x/deno_dom@v0.1.36-alpha/src/dom/html-collection.ts": "ae90197f5270c32074926ad6cf30ee07d274d44596c7e413c354880cebce8565",
    "https://deno.land/x/deno_dom@v0.1.36-alpha/src/dom/node-list.ts": "4c6e4b4585301d4147addaccd90cb5f5a80e8d6290a1ba7058c5e3dfea16e15d",
    "https://deno.land/x/deno_dom@v0.1.36-alpha/src/dom/node.ts": "3069e6fc93ac4111a136ed68199d76673339842b9751610ba06f111ba7dc10a7",
    "https://deno.land/x/deno_dom@v0.1.36-alpha/src/dom/selectors/custom-api.ts": "852696bd58e534bc41bd3be9e2250b60b67cd95fd28ed16b1deff1d548531a71",
    "https://deno.land/x/deno_dom@v0.1.36-alpha/src/dom/selectors/nwsapi-types.ts": "c43b36c36acc5d32caabaa54fda8c9d239b2b0fcbce9a28efb93c84aa1021698",
    "https://deno.land/x/deno_dom@v0.1.36-alpha/src/dom/selectors/nwsapi.js": "985d7d8fc1eabbb88946b47a1c44c1b2d4aa79ff23c21424219f1528fa27a2ff",
    "https://deno.land/x/deno_dom@v0.1.36-alpha/src/dom/selectors/selectors.ts": "83eab57be2290fb48e3130533448c93c6c61239f2a2f3b85f1917f80ca0fdc75",
    "https://deno.land/x/deno_dom@v0.1.36-alpha/src/dom/selectors/sizzle-types.ts": "78149e2502409989ce861ed636b813b059e16bc267bb543e7c2b26ef43e4798b",
    "https://deno.land/x/deno_dom@v0.1.36-alpha/src/dom/selectors/sizzle.js": "c3aed60c1045a106d8e546ac2f85cc82e65f62d9af2f8f515210b9212286682a",
    "https://deno.land/x/deno_dom@v0.1.36-alpha/src/dom/utils-types.ts": "96db30e3e4a75b194201bb9fa30988215da7f91b380fca6a5143e51ece2a8436",
    "https://deno.land/x/deno_dom@v0.1.36-alpha/src/dom/utils.ts": "ecd889ba74f3ce282620d8ca1d4d5e0365e6cc86101d2352f3bbf936ae496e2c",
    "https://deno.land/x/deno_dom@v0.1.36-alpha/src/parser.ts": "b65eb7e673fa7ca611de871de109655f0aa9fa35ddc1de73df1a5fc2baafc332",
    "https://deno.land/x/xhr@0.3.0/mod.ts": "094aacd627fd9635cd942053bf8032b5223b909858fa9dc8ffa583752ff63b20",
    "https://esm.sh/v110/webvi-websockets@3.2.0/deno/webvi-websockets.js": "9ea86c0112139f6282dc5cd5be8f7e2327fcee12dce3c24d7395563b9c749ca2",
    "https://esm.sh/webvi-websockets@3.2.0": "99570213ad3532c9eaa28a431de8178c69f8dd04921688db68dcabedaabd63aa",
    "https://raw.githubusercontent.com/rajsite/webvi-experiments/37991e5e43b3c140fe5387b1c8df73ca96c22e19/Deno/webvi-deno/deps/vireo/source/core/vireo.loader.wasm32-unknown-emscripten.release.js": "c18de2b31157e4b90e66e3f13d12a8c63fa59b86c9e8de31a7ad62e32a65456b",
    "https://raw.githubusercontent.com/rajsite/webvi-experiments/37991e5e43b3c140fe5387b1c8df73ca96c22e19/Deno/webvi-deno/deps/webvi-websockets/source/main.js": "1ad209f62b9aa9478415f2c7b6e6541f7e41d4707545fd75506dee8c2d10468e",
    "https://raw.githubusercontent.com/rajsite/webvi-experiments/37991e5e43b3c140fe5387b1c8df73ca96c22e19/Deno/webvi-deno/deps/x/deno_dom/deno-dom-wasm.ts": "6e468d5af4f439d8d18ecf42a015262b04486d2539a71875b75242b8d76bae3d",
    "https://raw.githubusercontent.com/rajsite/webvi-experiments/37991e5e43b3c140fe5387b1c8df73ca96c22e19/Deno/webvi-deno/deps/xhr/mod.ts": "d1a86d2bd9aad83aa94cb6561c587015987cd913506294b500d5705bb8eeeb4b",
    "https://raw.githubusercontent.com/rajsite/webvi-experiments/37991e5e43b3c140fe5387b1c8df73ca96c22e19/Deno/webvi-deno/generated/vireoDataUrl.js": "7790f59253c2655de23d2300914a4358db9bc6313b86f301f041a2f27761a136",
    "https://raw.githubusercontent.com/rajsite/webvi-experiments/37991e5e43b3c140fe5387b1c8df73ca96c22e19/Deno/webvi-deno/parse/webvi-html.ts": "588f926f2c04be45332d16e5daec082bd5d73ce077d8875c87f926c59f66144c",
    "https://raw.githubusercontent.com/rajsite/webvi-experiments/37991e5e43b3c140fe5387b1c8df73ca96c22e19/Deno/webvi-deno/run/runner.ts": "d7ec230db46b787441691f1df9ded3dd8f679ae94e82099690f1f16d95ca745a",
    "https://raw.githubusercontent.com/rajsite/webvi-experiments/37991e5e43b3c140fe5387b1c8df73ca96c22e19/Deno/webvi-deno/run/via-helpers.ts": "8e3d521d0b64c9a963114edb828341d6182b9884c36a1cb5da954c16bfab0cb8",
    "https://raw.githubusercontent.com/rajsite/webvi-experiments/37991e5e43b3c140fe5387b1c8df73ca96c22e19/Deno/webvi-deno/run/vireo-deno.ts": "f337d4fc78be0aa3f3e1d2e7f8207fac920f386f72f058a7b74b69f073104d7e",
    "https://unpkg.com/vireo@24.2.3/dist/wasm32-unknown-emscripten/release/vireo.core.js": "70445243cf69dd7860b32e6479e062c2f10caf1fca505eeff4cbae2428ce58c0",
    "https://unpkg.com/vireo@24.2.3/source/core/module_coreHelpers.js": "5d14133a957d38863da9c16f5db5fde7ddf61aa3ef2789f632933670d8dccb2e",
    "https://unpkg.com/vireo@24.2.3/source/core/module_eventHelpers.js": "764b5955b223d619eb663fb1402443c44ed732f6059f9f2ffcf0688af8f17880",
    "https://unpkg.com/vireo@24.2.3/source/core/module_typeHelpers.js": "b9f69c24485b8b96ee1af88c024ee40f6eedef901e69a70bdec1a8cd2d4b28ab",
    "https://unpkg.com/vireo@24.2.3/source/core/vireo.loader.shared.js": "ea462573b1f55ae148faf2c6d9028ea8ed1f3ff16dc3fcd1415b43ffd5a330ed",
    "https://unpkg.com/vireo@24.2.3/source/core/vireo.loader.staticHelpers.js": "f6471e821d295eed57b504d57b63332f35bdafdb5fc29585b99cef6360416d57",
    "https://unpkg.com/vireo@24.2.3/source/core/vireo.loader.wasm32-unknown-emscripten.release.js": "1a34d36e683c39425e2f81de132781fee7f3e2592589a0e0d62c2704e70930b2",
    "https://unpkg.com/vireo@24.2.3/source/io/module_eggShell.js": "69332946654fed34c4d8f19c9038be3f1aae3d5a75be345d92e9f2e78c2434ee",
    "https://unpkg.com/vireo@24.2.3/source/io/module_httpClient.js": "37c96680be9e6fe2cfedcb925334896ce4563058fc112b5da8a50bd7670656f7",
    "https://unpkg.com/vireo@24.2.3/source/io/module_javaScriptInvoke.js": "175b5ace66305dfd60e297df1d54aa2a2f7ff794c1a999bd1995a27d89e04d2b"
  }
}
