{
  "name": "webvi-sweetalert",
  "version": "1.0.0",
  "lockfileVersion": 1,
  "requires": true,
  "dependencies": {
    "sweetalert2": {
      "version": "10.3.5",
      "resolved": "https://registry.npmjs.org/sweetalert2/-/sweetalert2-10.3.5.tgz",
      "integrity": "sha512-8XBQvW2frWVn0Xs80qyraRXcb3Mg/aKG+9sdVPlzViDIYJfLhMeda3pRuyGzyvrPXbBQ3KRjs+66xKH3kz8/og=="
    }
  }
}
