{
    "name": "webvi-exorbitant",
    "version": "1.0.0",
    "lockfileVersion": 2,
    "requires": true,
    "packages": {
        "": {
            "name": "webvi-exorbitant",
            "version": "1.0.0",
            "dependencies": {
                "exorbitant": "^0.0.20"
            }
        },
        "node_modules/exorbitant": {
            "version": "0.0.20",
            "resolved": "https://registry.npmjs.org/exorbitant/-/exorbitant-0.0.20.tgz",
            "integrity": "sha512-x3x7V8ssj8gV9J6Y9l/SIhlebjjupinSisrDZuPZQ8dVBrk3Yxffq4K/gPUEYQ2Io+kMuevI6SnvDbjYs9k8Nw=="
        }
    },
    "dependencies": {
        "exorbitant": {
            "version": "0.0.20",
            "resolved": "https://registry.npmjs.org/exorbitant/-/exorbitant-0.0.20.tgz",
            "integrity": "sha512-x3x7V8ssj8gV9J6Y9l/SIhlebjjupinSisrDZuPZQ8dVBrk3Yxffq4K/gPUEYQ2Io+kMuevI6SnvDbjYs9k8Nw=="
        }
    }
}
