{
    "name": "webcvi-exorbitant",
    "version": "1.0.0",
    "lockfileVersion": 1,
    "requires": true,
    "dependencies": {
        "exorbitant": {
            "version": "0.0.15",
            "resolved": "https://registry.npmjs.org/exorbitant/-/exorbitant-0.0.15.tgz",
            "integrity": "sha512-xlrzU9Wap1B8HLKvllWYSmMKfAP/TRx7OwIhFLGZjx87BjBjz8lYAzWC+cBsV5hpA1HlKFBY0C1EG3IdxAkqKw=="
        }
    }
}
