{
  "name": "webvi-uppy",
  "version": "1.0.0",
  "lockfileVersion": 1,
  "requires": true,
  "dependencies": {
    "@uppy/aws-s3": {
      "version": "1.3.2",
      "resolved": "https://registry.npmjs.org/@uppy/aws-s3/-/aws-s3-1.3.2.tgz",
      "integrity": "sha512-1brB3ZDsYMUHjzDOguJGNvW5VWTW3JkH7zkrrMNYX82G9p2EzBE5FThecLJLL1nN2h4KtLr++RLwVxRY1U7zAQ==",
      "requires": {
        "@uppy/companion-client": "^1.4.1",
        "@uppy/utils": "^2.0.0",
        "@uppy/xhr-upload": "^1.3.2",
        "url-parse": "^1.4.7"
      }
    },
    "@uppy/aws-s3-multipart": {
      "version": "1.3.3",
      "resolved": "https://registry.npmjs.org/@uppy/aws-s3-multipart/-/aws-s3-multipart-1.3.3.tgz",
      "integrity": "sha512-1++krXH5CbRuSHJb0AHdJLgi+DQMLjhZyNgNBWH265SabmBcx3A3uhqebEZvfBIxMtgCm0+67bQup0HhKdyrJA==",
      "requires": {
        "@uppy/companion-client": "^1.4.1",
        "@uppy/utils": "^2.0.0"
      }
    },
    "@uppy/companion-client": {
      "version": "1.4.1",
      "resolved": "https://registry.npmjs.org/@uppy/companion-client/-/companion-client-1.4.1.tgz",
      "integrity": "sha512-ZQpEibQMDRwCzp3zugRHlCl/ne7UpCF+4ZfayhspGt7nz8tuUZXuDH15LhyMS06Y9S/kXTRMrA/w5bY42QtHDw==",
      "requires": {
        "namespace-emitter": "^2.0.1"
      }
    },
    "@uppy/core": {
      "version": "1.5.1",
      "resolved": "https://registry.npmjs.org/@uppy/core/-/core-1.5.1.tgz",
      "integrity": "sha512-8HyCSKxece1PyOCx2oiZ8M61+ci6WSvlVukztBaU2eV2wjVYM/Bqxdv3dQtcjLwV82+2LD+9pYp2mlvou4bP5A==",
      "requires": {
        "@uppy/store-default": "^1.2.0",
        "@uppy/utils": "^2.0.0",
        "cuid": "^2.1.1",
        "lodash.throttle": "^4.1.1",
        "mime-match": "^1.0.2",
        "namespace-emitter": "^2.0.1",
        "preact": "8.2.9"
      }
    },
    "@uppy/dashboard": {
      "version": "1.4.1",
      "resolved": "https://registry.npmjs.org/@uppy/dashboard/-/dashboard-1.4.1.tgz",
      "integrity": "sha512-/JG5YTPOu2oz2qQNSPEnXFTY2S0YWxPiV7x5SCwqP3zMI2g/tlG5l8sYTN2+KCWS8JZZaqyEaSWIh8KKQULcTQ==",
      "requires": {
        "@uppy/informer": "^1.3.1",
        "@uppy/provider-views": "^1.4.0",
        "@uppy/status-bar": "^1.3.1",
        "@uppy/thumbnail-generator": "^1.4.0",
        "@uppy/utils": "^2.0.0",
        "classnames": "^2.2.6",
        "cuid": "^2.1.1",
        "is-shallow-equal": "^1.0.1",
        "lodash.debounce": "^4.0.8",
        "lodash.throttle": "^4.1.1",
        "memoize-one": "^5.0.4",
        "preact": "8.2.9",
        "preact-css-transition-group": "^1.3.0",
        "resize-observer-polyfill": "^1.5.0"
      }
    },
    "@uppy/drag-drop": {
      "version": "1.3.1",
      "resolved": "https://registry.npmjs.org/@uppy/drag-drop/-/drag-drop-1.3.1.tgz",
      "integrity": "sha512-0LOMG766h+E0QKuYy7IgMGXhODhBAIEA5IzBEGF9LWdaYvsAx1JM9Z+wMEn3egu2qFVTTSyhOojROoaV1yDHBg==",
      "requires": {
        "@uppy/utils": "^2.0.0",
        "preact": "8.2.9"
      }
    },
    "@uppy/dropbox": {
      "version": "1.3.2",
      "resolved": "https://registry.npmjs.org/@uppy/dropbox/-/dropbox-1.3.2.tgz",
      "integrity": "sha512-NAxn0B/5bOkWJQEa876ja5hj5j2qZs7Dk8ALV9HUO5SV0oMm0b4r0nSR5gMgHBFgvU/n2/T9ZfchrJ5eomXabg==",
      "requires": {
        "@uppy/companion-client": "^1.4.1",
        "@uppy/provider-views": "^1.4.0",
        "@uppy/utils": "^2.0.0",
        "preact": "8.2.9"
      }
    },
    "@uppy/file-input": {
      "version": "1.3.1",
      "resolved": "https://registry.npmjs.org/@uppy/file-input/-/file-input-1.3.1.tgz",
      "integrity": "sha512-Z8Qvdbaaw0SzPwg0gSws2SYKdOS86QDHbRLnNJNEXRNrETlYjeqZvAOAtanQZhzkKkxXrpS1jr/VISjNS16f4A==",
      "requires": {
        "@uppy/utils": "^2.0.0",
        "preact": "8.2.9"
      }
    },
    "@uppy/form": {
      "version": "1.3.2",
      "resolved": "https://registry.npmjs.org/@uppy/form/-/form-1.3.2.tgz",
      "integrity": "sha512-aKT8YzMwhuvWGt6k5dxSOO3FMyHarD5E7c+Dvu/HQiM1PtjTauL/QaNFkR/YcZaHrJ8SvPX5VsfYmkWoTI9RkA==",
      "requires": {
        "@uppy/utils": "^2.0.0",
        "get-form-data": "^2.0.0"
      }
    },
    "@uppy/golden-retriever": {
      "version": "1.3.1",
      "resolved": "https://registry.npmjs.org/@uppy/golden-retriever/-/golden-retriever-1.3.1.tgz",
      "integrity": "sha512-lcZqJXOATR7YrytAUTymhGue2pFZ1EudX+OFscMacU0I0r2eo92vpOpIPA578FxrSnP6FHb1pPtgtlN17AnRGg==",
      "requires": {
        "@uppy/utils": "^2.0.0",
        "prettier-bytes": "^1.0.4"
      }
    },
    "@uppy/google-drive": {
      "version": "1.3.2",
      "resolved": "https://registry.npmjs.org/@uppy/google-drive/-/google-drive-1.3.2.tgz",
      "integrity": "sha512-CezojbaXQomhdItkTPu9j7yguVjaX02kIfr3a6ojXBuFhMY2JVb7ef8EkfabAa28RwK+l8sqEkg/AQjVfqZI8w==",
      "requires": {
        "@uppy/companion-client": "^1.4.1",
        "@uppy/provider-views": "^1.4.0",
        "@uppy/utils": "^2.0.0",
        "preact": "8.2.9"
      }
    },
    "@uppy/informer": {
      "version": "1.3.1",
      "resolved": "https://registry.npmjs.org/@uppy/informer/-/informer-1.3.1.tgz",
      "integrity": "sha512-SuD686BxdEo4eAHSxjK0haPE0x8Pi2qsKUtRITx4CM+t4NKrg21/MRjD/dD4r4ydyYO5HhC5wTZfkAMA8BRVzQ==",
      "requires": {
        "@uppy/utils": "^2.0.0",
        "preact": "8.2.9"
      }
    },
    "@uppy/instagram": {
      "version": "1.3.2",
      "resolved": "https://registry.npmjs.org/@uppy/instagram/-/instagram-1.3.2.tgz",
      "integrity": "sha512-Ke2Wh585f02s2rLStP85gu2YvRCjbrwqQLWDzdm0ZYr1lA4AdYZXgp+5YzBRo703yE1/W1DVjpIw/Zz6j4VT0g==",
      "requires": {
        "@uppy/companion-client": "^1.4.1",
        "@uppy/provider-views": "^1.4.0",
        "@uppy/utils": "^2.0.0",
        "preact": "8.2.9"
      }
    },
    "@uppy/progress-bar": {
      "version": "1.3.1",
      "resolved": "https://registry.npmjs.org/@uppy/progress-bar/-/progress-bar-1.3.1.tgz",
      "integrity": "sha512-GlAfyXJWsY+9kpu1H2LCv/mDe6roNQAlznHPF1S6045NvxphQLIqebe9+ZK8nVhZKY6QnioXl57cay4N9cjvjQ==",
      "requires": {
        "@uppy/utils": "^2.0.0",
        "preact": "8.2.9"
      }
    },
    "@uppy/provider-views": {
      "version": "1.4.0",
      "resolved": "https://registry.npmjs.org/@uppy/provider-views/-/provider-views-1.4.0.tgz",
      "integrity": "sha512-y9laKMGu4GshqMmsxCBovqBtNKl4FOvwZvfuZZ4QC71xpuGLrEi/Y21JMHkh0aVTWxN4AmlMkj5t9fDKuhAxXw==",
      "requires": {
        "@uppy/utils": "^2.0.0",
        "classnames": "^2.2.6",
        "preact": "8.2.9"
      }
    },
    "@uppy/redux-dev-tools": {
      "version": "1.3.1",
      "resolved": "https://registry.npmjs.org/@uppy/redux-dev-tools/-/redux-dev-tools-1.3.1.tgz",
      "integrity": "sha512-drb3zJpjt5r7SoshRJE5Q8KFEDJI+aYMuVHvDV9P5CkzGu/9I/XFpF+KjgI6iO8vX8gsmlGTGTY2xTqnorrnFQ=="
    },
    "@uppy/status-bar": {
      "version": "1.3.1",
      "resolved": "https://registry.npmjs.org/@uppy/status-bar/-/status-bar-1.3.1.tgz",
      "integrity": "sha512-bEHyQOFRnqPXbAjvbPHtCdlMzrT91lR/r+zL4hRHU+pAJLIebLlhsXcxkKrJWtho6s0TcKXq/KGUPRVFIPVYww==",
      "requires": {
        "@uppy/utils": "^2.0.0",
        "classnames": "^2.2.6",
        "lodash.throttle": "^4.1.1",
        "preact": "8.2.9"
      }
    },
    "@uppy/store-default": {
      "version": "1.2.0",
      "resolved": "https://registry.npmjs.org/@uppy/store-default/-/store-default-1.2.0.tgz",
      "integrity": "sha512-mnkxdX4DJMP2nrBklh5MXdn31bAyBSlCcp4+BZanFwv4WiCEpg/ruYzNzaJ1nVyuINJEDj2nx/DWxo+1F6WuWw=="
    },
    "@uppy/store-redux": {
      "version": "1.2.0",
      "resolved": "https://registry.npmjs.org/@uppy/store-redux/-/store-redux-1.2.0.tgz",
      "integrity": "sha512-upTB39ZcuQSLFGIgkywfkg1Y3lGxxmSqUW3JPNYY2EMfI0suuDJt2Sg5lz06incaUe2AA4cQQ9UyQ3ifi52/nA==",
      "requires": {
        "cuid": "^2.1.1"
      }
    },
    "@uppy/thumbnail-generator": {
      "version": "1.4.0",
      "resolved": "https://registry.npmjs.org/@uppy/thumbnail-generator/-/thumbnail-generator-1.4.0.tgz",
      "integrity": "sha512-Ftgr36xp6zS1Wh37ceURV/I9LiG7oI3F6YD0cviCI5dw8vYpjV8k9TvE6NBfZ3cnHk/+DAevaOR+pyjBIvQYHA==",
      "requires": {
        "@uppy/utils": "^2.0.0",
        "exif-js": "2.3.0"
      }
    },
    "@uppy/transloadit": {
      "version": "1.3.2",
      "resolved": "https://registry.npmjs.org/@uppy/transloadit/-/transloadit-1.3.2.tgz",
      "integrity": "sha512-GSFVYVrmZFvAkHCfOetCddi/UAaEv85g3BkLBXHwF6mdUpGACQvQTGrU1h5Wy9qIqyvwvmJLoRcaG6UHFSvYbA==",
      "requires": {
        "@uppy/companion-client": "^1.4.1",
        "@uppy/provider-views": "^1.4.0",
        "@uppy/tus": "^1.4.2",
        "@uppy/utils": "^2.0.0",
        "component-emitter": "^1.2.1",
        "socket.io-client": "~2.2.0"
      }
    },
    "@uppy/tus": {
      "version": "1.4.2",
      "resolved": "https://registry.npmjs.org/@uppy/tus/-/tus-1.4.2.tgz",
      "integrity": "sha512-pmqhRoVRywNJqlyU2qUEdpY29gztQ2qoE9TBfLe69Hes9QgLCBHuBaSn1lMeMxlr3ltRMkPaOdylctpq+PdHQg==",
      "requires": {
        "@uppy/companion-client": "^1.4.1",
        "@uppy/utils": "^2.0.0",
        "tus-js-client": "^1.8.0-2"
      }
    },
    "@uppy/url": {
      "version": "1.3.2",
      "resolved": "https://registry.npmjs.org/@uppy/url/-/url-1.3.2.tgz",
      "integrity": "sha512-mvP+b4nFHHqcdQE6Wy+hDHIpZsUdffHWHLFOgvM/g7DIcyrqrlhBRCfXHPYI7kl8QWqg7IbWFrQ6OYeOI9AgAg==",
      "requires": {
        "@uppy/companion-client": "^1.4.1",
        "@uppy/utils": "^2.0.0",
        "preact": "8.2.9"
      }
    },
    "@uppy/utils": {
      "version": "2.0.0",
      "resolved": "https://registry.npmjs.org/@uppy/utils/-/utils-2.0.0.tgz",
      "integrity": "sha512-FWuSmdCK+dB5ybGlTp5xx1C6hf9Tsdl58Lrfg9KUF/4ogkzupj/2uEYmcn26S0GZ8FJPWNG/858EeF/bZNFAQw==",
      "requires": {
        "lodash.throttle": "^4.1.1"
      }
    },
    "@uppy/webcam": {
      "version": "1.3.1",
      "resolved": "https://registry.npmjs.org/@uppy/webcam/-/webcam-1.3.1.tgz",
      "integrity": "sha512-9wo2cC2Vw1Rqc7IL1C8btT4BiB5DouLbIKJM/oSgmQ8SatwytMDPtAA0qgD0i/cC6rmGZh1J6W7IdnstJFoUSA==",
      "requires": {
        "@uppy/utils": "^2.0.0",
        "preact": "8.2.9"
      }
    },
    "@uppy/xhr-upload": {
      "version": "1.3.2",
      "resolved": "https://registry.npmjs.org/@uppy/xhr-upload/-/xhr-upload-1.3.2.tgz",
      "integrity": "sha512-PQVFH5zu4pZA0EMsUR3cX2zjYqRKiEE4OCNKMa5t4mqSm6U/gZ8qMV58UE5WBHVmbm6vZ8r848VxC4+a1TRX6w==",
      "requires": {
        "@uppy/companion-client": "^1.4.1",
        "@uppy/utils": "^2.0.0",
        "cuid": "^2.1.1"
      }
    },
    "after": {
      "version": "0.8.2",
      "resolved": "https://registry.npmjs.org/after/-/after-0.8.2.tgz",
      "integrity": "sha1-/ts5T58OAqqXaOcCvaI7UF+ufh8="
    },
    "arraybuffer.slice": {
      "version": "0.0.7",
      "resolved": "https://registry.npmjs.org/arraybuffer.slice/-/arraybuffer.slice-0.0.7.tgz",
      "integrity": "sha512-wGUIVQXuehL5TCqQun8OW81jGzAWycqzFF8lFp+GOM5BXLYj3bKNsYC4daB7n6XjCqxQA/qgTJ+8ANR3acjrog=="
    },
    "async-limiter": {
      "version": "1.0.1",
      "resolved": "https://registry.npmjs.org/async-limiter/-/async-limiter-1.0.1.tgz",
      "integrity": "sha512-csOlWGAcRFJaI6m+F2WKdnMKr4HhdhFVBk0H/QbJFMCr+uO2kwohwXQPxw/9OCxp05r5ghVBFSyioixx3gfkNQ=="
    },
    "backo2": {
      "version": "1.0.2",
      "resolved": "https://registry.npmjs.org/backo2/-/backo2-1.0.2.tgz",
      "integrity": "sha1-MasayLEpNjRj41s+u2n038+6eUc="
    },
    "base64-arraybuffer": {
      "version": "0.1.5",
      "resolved": "https://registry.npmjs.org/base64-arraybuffer/-/base64-arraybuffer-0.1.5.tgz",
      "integrity": "sha1-c5JncZI7Whl0etZmqlzUv5xunOg="
    },
    "better-assert": {
      "version": "1.0.2",
      "resolved": "https://registry.npmjs.org/better-assert/-/better-assert-1.0.2.tgz",
      "integrity": "sha1-QIZrnhueC1W0gYlDEeaPr/rrxSI=",
      "requires": {
        "callsite": "1.0.0"
      }
    },
    "blob": {
      "version": "0.0.5",
      "resolved": "https://registry.npmjs.org/blob/-/blob-0.0.5.tgz",
      "integrity": "sha512-gaqbzQPqOoamawKg0LGVd7SzLgXS+JH61oWprSLH+P+abTczqJbhTR8CmJ2u9/bUYNmHTGJx/UEmn6doAvvuig=="
    },
    "buffer-from": {
      "version": "0.1.2",
      "resolved": "https://registry.npmjs.org/buffer-from/-/buffer-from-0.1.2.tgz",
      "integrity": "sha512-RiWIenusJsmI2KcvqQABB83tLxCByE3upSP8QU3rJDMVFGPWLvPQJt/O1Su9moRWeH7d+Q2HYb68f6+v+tw2vg=="
    },
    "callsite": {
      "version": "1.0.0",
      "resolved": "https://registry.npmjs.org/callsite/-/callsite-1.0.0.tgz",
      "integrity": "sha1-KAOY5dZkvXQDi28JBRU+borxvCA="
    },
    "classnames": {
      "version": "2.2.6",
      "resolved": "https://registry.npmjs.org/classnames/-/classnames-2.2.6.tgz",
      "integrity": "sha512-JR/iSQOSt+LQIWwrwEzJ9uk0xfN3mTVYMwt1Ir5mUcSN6pU+V4zQFFaJsclJbPuAUQH+yfWef6tm7l1quW3C8Q=="
    },
    "combine-errors": {
      "version": "3.0.3",
      "resolved": "https://registry.npmjs.org/combine-errors/-/combine-errors-3.0.3.tgz",
      "integrity": "sha1-9N9nQAg+VwOjGBEQwrEFUfAD2oY=",
      "requires": {
        "custom-error-instance": "2.1.1",
        "lodash.uniqby": "4.5.0"
      }
    },
    "component-bind": {
      "version": "1.0.0",
      "resolved": "https://registry.npmjs.org/component-bind/-/component-bind-1.0.0.tgz",
      "integrity": "sha1-AMYIq33Nk4l8AAllGx06jh5zu9E="
    },
    "component-emitter": {
      "version": "1.3.0",
      "resolved": "https://registry.npmjs.org/component-emitter/-/component-emitter-1.3.0.tgz",
      "integrity": "sha512-Rd3se6QB+sO1TwqZjscQrurpEPIfO0/yYnSin6Q/rD3mOutHvUrCAhJub3r90uNb+SESBuE0QYoB90YdfatsRg=="
    },
    "component-inherit": {
      "version": "0.0.3",
      "resolved": "https://registry.npmjs.org/component-inherit/-/component-inherit-0.0.3.tgz",
      "integrity": "sha1-ZF/ErfWLcrZJ1crmUTVhnbJv8UM="
    },
    "cuid": {
      "version": "2.1.6",
      "resolved": "https://registry.npmjs.org/cuid/-/cuid-2.1.6.tgz",
      "integrity": "sha512-ZFp7PS6cSYMJNch9fc3tyHdE4T8TDo3Y5qAxb0KSA9mpiYDo7z9ql1CznFuuzxea9STVIDy0tJWm2lYiX2ZU1Q=="
    },
    "custom-error-instance": {
      "version": "2.1.1",
      "resolved": "https://registry.npmjs.org/custom-error-instance/-/custom-error-instance-2.1.1.tgz",
      "integrity": "sha1-PPY5FIemYppiR+sMoM4ACBt+Nho="
    },
    "debug": {
      "version": "3.1.0",
      "resolved": "https://registry.npmjs.org/debug/-/debug-3.1.0.tgz",
      "integrity": "sha512-OX8XqP7/1a9cqkxYw2yXss15f26NKWBpDXQd0/uK/KPqdQhxbPa994hnzjcE2VqQpDslf55723cKPUOGSmMY3g==",
      "requires": {
        "ms": "2.0.0"
      }
    },
    "engine.io-client": {
      "version": "3.3.2",
      "resolved": "https://registry.npmjs.org/engine.io-client/-/engine.io-client-3.3.2.tgz",
      "integrity": "sha512-y0CPINnhMvPuwtqXfsGuWE8BB66+B6wTtCofQDRecMQPYX3MYUZXFNKDhdrSe3EVjgOu4V3rxdeqN/Tr91IgbQ==",
      "requires": {
        "component-emitter": "1.2.1",
        "component-inherit": "0.0.3",
        "debug": "~3.1.0",
        "engine.io-parser": "~2.1.1",
        "has-cors": "1.1.0",
        "indexof": "0.0.1",
        "parseqs": "0.0.5",
        "parseuri": "0.0.5",
        "ws": "~6.1.0",
        "xmlhttprequest-ssl": "~1.5.4",
        "yeast": "0.1.2"
      },
      "dependencies": {
        "component-emitter": {
          "version": "1.2.1",
          "resolved": "https://registry.npmjs.org/component-emitter/-/component-emitter-1.2.1.tgz",
          "integrity": "sha1-E3kY1teCg/ffemt8WmPhQOaUJeY="
        }
      }
    },
    "engine.io-parser": {
      "version": "2.1.3",
      "resolved": "https://registry.npmjs.org/engine.io-parser/-/engine.io-parser-2.1.3.tgz",
      "integrity": "sha512-6HXPre2O4Houl7c4g7Ic/XzPnHBvaEmN90vtRO9uLmwtRqQmTOw0QMevL1TOfL2Cpu1VzsaTmMotQgMdkzGkVA==",
      "requires": {
        "after": "0.8.2",
        "arraybuffer.slice": "~0.0.7",
        "base64-arraybuffer": "0.1.5",
        "blob": "0.0.5",
        "has-binary2": "~1.0.2"
      }
    },
    "exif-js": {
      "version": "2.3.0",
      "resolved": "https://registry.npmjs.org/exif-js/-/exif-js-2.3.0.tgz",
      "integrity": "sha1-nRCBm/Vx+HOBPnZAJBJVq5zhqBQ="
    },
    "extend": {
      "version": "3.0.2",
      "resolved": "https://registry.npmjs.org/extend/-/extend-3.0.2.tgz",
      "integrity": "sha512-fjquC59cD7CyW6urNXK0FBufkZcoiGG80wTuPujX590cB5Ttln20E2UB4S/WARVqhXffZl2LNgS+gQdPIIim/g=="
    },
    "get-form-data": {
      "version": "2.0.0",
      "resolved": "https://registry.npmjs.org/get-form-data/-/get-form-data-2.0.0.tgz",
      "integrity": "sha512-YUpw0aTWeGliifqMYrTohe/YdqVmKLmaNwuscd2WlRNGfba57JHGuuvvv2c6LiZdFys285POVWANTh6SqcwFag=="
    },
    "graceful-fs": {
      "version": "4.2.3",
      "resolved": "https://registry.npmjs.org/graceful-fs/-/graceful-fs-4.2.3.tgz",
      "integrity": "sha512-a30VEBm4PEdx1dRB7MFK7BejejvCvBronbLjht+sHuGYj8PHs7M/5Z+rt5lw551vZ7yfTCj4Vuyy3mSJytDWRQ=="
    },
    "has-binary2": {
      "version": "1.0.3",
      "resolved": "https://registry.npmjs.org/has-binary2/-/has-binary2-1.0.3.tgz",
      "integrity": "sha512-G1LWKhDSvhGeAQ8mPVQlqNcOB2sJdwATtZKl2pDKKHfpf/rYj24lkinxf69blJbnsvtqqNU+L3SL50vzZhXOnw==",
      "requires": {
        "isarray": "2.0.1"
      }
    },
    "has-cors": {
      "version": "1.1.0",
      "resolved": "https://registry.npmjs.org/has-cors/-/has-cors-1.1.0.tgz",
      "integrity": "sha1-XkdHk/fqmEPRu5nCPu9J/xJv/zk="
    },
    "indexof": {
      "version": "0.0.1",
      "resolved": "https://registry.npmjs.org/indexof/-/indexof-0.0.1.tgz",
      "integrity": "sha1-gtwzbSMrkGIXnQWrMpOmYFn9Q10="
    },
    "is-shallow-equal": {
      "version": "1.0.1",
      "resolved": "https://registry.npmjs.org/is-shallow-equal/-/is-shallow-equal-1.0.1.tgz",
      "integrity": "sha512-lq5RvK+85Hs5J3p4oA4256M1FEffzmI533ikeDHvJd42nouRRx5wBzt36JuviiGe5dIPyHON/d0/Up+PBo6XkQ=="
    },
    "isarray": {
      "version": "2.0.1",
      "resolved": "https://registry.npmjs.org/isarray/-/isarray-2.0.1.tgz",
      "integrity": "sha1-o32U7ZzaLVmGXJ92/llu4fM4dB4="
    },
    "js-base64": {
      "version": "2.5.1",
      "resolved": "https://registry.npmjs.org/js-base64/-/js-base64-2.5.1.tgz",
      "integrity": "sha512-M7kLczedRMYX4L8Mdh4MzyAMM9O5osx+4FcOQuTvr3A9F2D9S5JXheN0ewNbrvK2UatkTRhL5ejGmGSjNMiZuw=="
    },
    "lodash._baseiteratee": {
      "version": "4.7.0",
      "resolved": "https://registry.npmjs.org/lodash._baseiteratee/-/lodash._baseiteratee-4.7.0.tgz",
      "integrity": "sha1-NKm1VDVycnw9sueO2uPA6eZr0QI=",
      "requires": {
        "lodash._stringtopath": "~4.8.0"
      }
    },
    "lodash._basetostring": {
      "version": "4.12.0",
      "resolved": "https://registry.npmjs.org/lodash._basetostring/-/lodash._basetostring-4.12.0.tgz",
      "integrity": "sha1-kyfJ3FFYhmt/pLnUL0Y45XZt2d8="
    },
    "lodash._baseuniq": {
      "version": "4.6.0",
      "resolved": "https://registry.npmjs.org/lodash._baseuniq/-/lodash._baseuniq-4.6.0.tgz",
      "integrity": "sha1-DrtE5FaBSveQXGIS+iybLVG4Qeg=",
      "requires": {
        "lodash._createset": "~4.0.0",
        "lodash._root": "~3.0.0"
      }
    },
    "lodash._createset": {
      "version": "4.0.3",
      "resolved": "https://registry.npmjs.org/lodash._createset/-/lodash._createset-4.0.3.tgz",
      "integrity": "sha1-D0ZZ+7CddRlPqeK4imZE02PJ/iY="
    },
    "lodash._root": {
      "version": "3.0.1",
      "resolved": "https://registry.npmjs.org/lodash._root/-/lodash._root-3.0.1.tgz",
      "integrity": "sha1-+6HEUkwZ7ppfgTa0YJ8BfPTe1pI="
    },
    "lodash._stringtopath": {
      "version": "4.8.0",
      "resolved": "https://registry.npmjs.org/lodash._stringtopath/-/lodash._stringtopath-4.8.0.tgz",
      "integrity": "sha1-lBvPDmQmbl/B1m/tCmlZVExXaCQ=",
      "requires": {
        "lodash._basetostring": "~4.12.0"
      }
    },
    "lodash.debounce": {
      "version": "4.0.8",
      "resolved": "https://registry.npmjs.org/lodash.debounce/-/lodash.debounce-4.0.8.tgz",
      "integrity": "sha1-gteb/zCmfEAF/9XiUVMArZyk168="
    },
    "lodash.throttle": {
      "version": "4.1.1",
      "resolved": "https://registry.npmjs.org/lodash.throttle/-/lodash.throttle-4.1.1.tgz",
      "integrity": "sha1-wj6RtxAkKscMN/HhzaknTMOb8vQ="
    },
    "lodash.uniqby": {
      "version": "4.5.0",
      "resolved": "https://registry.npmjs.org/lodash.uniqby/-/lodash.uniqby-4.5.0.tgz",
      "integrity": "sha1-o6F7v2LutiQPSRhG6XwcTipeHiE=",
      "requires": {
        "lodash._baseiteratee": "~4.7.0",
        "lodash._baseuniq": "~4.6.0"
      }
    },
    "memoize-one": {
      "version": "5.1.1",
      "resolved": "https://registry.npmjs.org/memoize-one/-/memoize-one-5.1.1.tgz",
      "integrity": "sha512-HKeeBpWvqiVJD57ZUAsJNm71eHTykffzcLZVYWiVfQeI1rJtuEaS7hQiEpWfVVk18donPwJEcFKIkCmPJNOhHA=="
    },
    "mime-match": {
      "version": "1.0.2",
      "resolved": "https://registry.npmjs.org/mime-match/-/mime-match-1.0.2.tgz",
      "integrity": "sha1-P4fDHprxpf1IX7nbE0Qosju7e6g=",
      "requires": {
        "wildcard": "^1.1.0"
      }
    },
    "ms": {
      "version": "2.0.0",
      "resolved": "https://registry.npmjs.org/ms/-/ms-2.0.0.tgz",
      "integrity": "sha1-VgiurfwAvmwpAd9fmGF4jeDVl8g="
    },
    "namespace-emitter": {
      "version": "2.0.1",
      "resolved": "https://registry.npmjs.org/namespace-emitter/-/namespace-emitter-2.0.1.tgz",
      "integrity": "sha512-N/sMKHniSDJBjfrkbS/tpkPj4RAbvW3mr8UAzvlMHyun93XEm83IAvhWtJVHo+RHn/oO8Job5YN4b+wRjSVp5g=="
    },
    "object-component": {
      "version": "0.0.3",
      "resolved": "https://registry.npmjs.org/object-component/-/object-component-0.0.3.tgz",
      "integrity": "sha1-8MaapQ78lbhmwYb0AKM3acsvEpE="
    },
    "parseqs": {
      "version": "0.0.5",
      "resolved": "https://registry.npmjs.org/parseqs/-/parseqs-0.0.5.tgz",
      "integrity": "sha1-1SCKNzjkZ2bikbouoXNoSSGouJ0=",
      "requires": {
        "better-assert": "~1.0.0"
      }
    },
    "parseuri": {
      "version": "0.0.5",
      "resolved": "https://registry.npmjs.org/parseuri/-/parseuri-0.0.5.tgz",
      "integrity": "sha1-gCBKUNTbt3m/3G6+J3jZDkvOMgo=",
      "requires": {
        "better-assert": "~1.0.0"
      }
    },
    "preact": {
      "version": "8.2.9",
      "resolved": "https://registry.npmjs.org/preact/-/preact-8.2.9.tgz",
      "integrity": "sha512-ThuGXBmJS3VsT+jIP+eQufD3L8pRw/PY3FoCys6O9Pu6aF12Pn9zAJDX99TfwRAFOCEKm/P0lwiPTbqKMJp0fA=="
    },
    "preact-css-transition-group": {
      "version": "1.3.0",
      "resolved": "https://registry.npmjs.org/preact-css-transition-group/-/preact-css-transition-group-1.3.0.tgz",
      "integrity": "sha1-Bv5Giyb3gC6VuCmnYtsLwZmu85k="
    },
    "prettier-bytes": {
      "version": "1.0.4",
      "resolved": "https://registry.npmjs.org/prettier-bytes/-/prettier-bytes-1.0.4.tgz",
      "integrity": "sha1-mUsCqkb2mcULYle1+qp/4lV+YtY="
    },
    "proper-lockfile": {
      "version": "2.0.1",
      "resolved": "https://registry.npmjs.org/proper-lockfile/-/proper-lockfile-2.0.1.tgz",
      "integrity": "sha1-FZ+wYZPTIAP0s2kd0uwaY0qoDR0=",
      "requires": {
        "graceful-fs": "^4.1.2",
        "retry": "^0.10.0"
      }
    },
    "querystringify": {
      "version": "2.1.1",
      "resolved": "https://registry.npmjs.org/querystringify/-/querystringify-2.1.1.tgz",
      "integrity": "sha512-w7fLxIRCRT7U8Qu53jQnJyPkYZIaR4n5151KMfcJlO/A9397Wxb1amJvROTK6TOnp7PfoAmg/qXiNHI+08jRfA=="
    },
    "requires-port": {
      "version": "1.0.0",
      "resolved": "https://registry.npmjs.org/requires-port/-/requires-port-1.0.0.tgz",
      "integrity": "sha1-kl0mAdOaxIXgkc8NpcbmlNw9yv8="
    },
    "resize-observer-polyfill": {
      "version": "1.5.1",
      "resolved": "https://registry.npmjs.org/resize-observer-polyfill/-/resize-observer-polyfill-1.5.1.tgz",
      "integrity": "sha512-LwZrotdHOo12nQuZlHEmtuXdqGoOD0OhaxopaNFxWzInpEgaLWoVuAMbTzixuosCx2nEG58ngzW3vxdWoxIgdg=="
    },
    "retry": {
      "version": "0.10.1",
      "resolved": "https://registry.npmjs.org/retry/-/retry-0.10.1.tgz",
      "integrity": "sha1-52OI0heZLCUnUCQdPTlW/tmNj/Q="
    },
    "socket.io-client": {
      "version": "2.2.0",
      "resolved": "https://registry.npmjs.org/socket.io-client/-/socket.io-client-2.2.0.tgz",
      "integrity": "sha512-56ZrkTDbdTLmBIyfFYesgOxsjcLnwAKoN4CiPyTVkMQj3zTUh0QAx3GbvIvLpFEOvQWu92yyWICxB0u7wkVbYA==",
      "requires": {
        "backo2": "1.0.2",
        "base64-arraybuffer": "0.1.5",
        "component-bind": "1.0.0",
        "component-emitter": "1.2.1",
        "debug": "~3.1.0",
        "engine.io-client": "~3.3.1",
        "has-binary2": "~1.0.2",
        "has-cors": "1.1.0",
        "indexof": "0.0.1",
        "object-component": "0.0.3",
        "parseqs": "0.0.5",
        "parseuri": "0.0.5",
        "socket.io-parser": "~3.3.0",
        "to-array": "0.1.4"
      },
      "dependencies": {
        "component-emitter": {
          "version": "1.2.1",
          "resolved": "https://registry.npmjs.org/component-emitter/-/component-emitter-1.2.1.tgz",
          "integrity": "sha1-E3kY1teCg/ffemt8WmPhQOaUJeY="
        }
      }
    },
    "socket.io-parser": {
      "version": "3.3.0",
      "resolved": "https://registry.npmjs.org/socket.io-parser/-/socket.io-parser-3.3.0.tgz",
      "integrity": "sha512-hczmV6bDgdaEbVqhAeVMM/jfUfzuEZHsQg6eOmLgJht6G3mPKMxYm75w2+qhAQZ+4X+1+ATZ+QFKeOZD5riHng==",
      "requires": {
        "component-emitter": "1.2.1",
        "debug": "~3.1.0",
        "isarray": "2.0.1"
      },
      "dependencies": {
        "component-emitter": {
          "version": "1.2.1",
          "resolved": "https://registry.npmjs.org/component-emitter/-/component-emitter-1.2.1.tgz",
          "integrity": "sha1-E3kY1teCg/ffemt8WmPhQOaUJeY="
        }
      }
    },
    "to-array": {
      "version": "0.1.4",
      "resolved": "https://registry.npmjs.org/to-array/-/to-array-0.1.4.tgz",
      "integrity": "sha1-F+bBH3PdTz10zaek/zI46a2b+JA="
    },
    "tus-js-client": {
      "version": "1.8.0",
      "resolved": "https://registry.npmjs.org/tus-js-client/-/tus-js-client-1.8.0.tgz",
      "integrity": "sha512-qPX3TywqzxocTxUZtcS8X7Aik72SVMa0jKi4hWyfvRV+s9raVzzYGaP4MoJGaF0yOgm2+b6jXaVEHogxcJ8LGw==",
      "requires": {
        "buffer-from": "^0.1.1",
        "combine-errors": "^3.0.3",
        "extend": "^3.0.2",
        "js-base64": "^2.4.9",
        "lodash.throttle": "^4.1.1",
        "proper-lockfile": "^2.0.1",
        "url-parse": "^1.4.3"
      }
    },
    "uppy": {
      "version": "1.5.2",
      "resolved": "https://registry.npmjs.org/uppy/-/uppy-1.5.2.tgz",
      "integrity": "sha512-qcVOzyKAJet6U+dtEAla45rL7UhyZkLrdkfHY8WE4w+w3kd/n3clKPyGtvUMyvlwH917Pkfs7x/WyjuK+SNtKQ==",
      "requires": {
        "@uppy/aws-s3": "^1.3.2",
        "@uppy/aws-s3-multipart": "^1.3.3",
        "@uppy/companion-client": "^1.4.1",
        "@uppy/core": "^1.5.1",
        "@uppy/dashboard": "^1.4.1",
        "@uppy/drag-drop": "^1.3.1",
        "@uppy/dropbox": "^1.3.2",
        "@uppy/file-input": "^1.3.1",
        "@uppy/form": "^1.3.2",
        "@uppy/golden-retriever": "^1.3.1",
        "@uppy/google-drive": "^1.3.2",
        "@uppy/informer": "^1.3.1",
        "@uppy/instagram": "^1.3.2",
        "@uppy/progress-bar": "^1.3.1",
        "@uppy/provider-views": "^1.4.0",
        "@uppy/redux-dev-tools": "^1.3.1",
        "@uppy/status-bar": "^1.3.1",
        "@uppy/store-default": "^1.2.0",
        "@uppy/store-redux": "^1.2.0",
        "@uppy/thumbnail-generator": "^1.4.0",
        "@uppy/transloadit": "^1.3.2",
        "@uppy/tus": "^1.4.2",
        "@uppy/url": "^1.3.2",
        "@uppy/webcam": "^1.3.1",
        "@uppy/xhr-upload": "^1.3.2"
      }
    },
    "url-parse": {
      "version": "1.4.7",
      "resolved": "https://registry.npmjs.org/url-parse/-/url-parse-1.4.7.tgz",
      "integrity": "sha512-d3uaVyzDB9tQoSXFvuSUNFibTd9zxd2bkVrDRvF5TmvWWQwqE4lgYJ5m+x1DbecWkw+LK4RNl2CU1hHuOKPVlg==",
      "requires": {
        "querystringify": "^2.1.1",
        "requires-port": "^1.0.0"
      }
    },
    "wildcard": {
      "version": "1.1.2",
      "resolved": "https://registry.npmjs.org/wildcard/-/wildcard-1.1.2.tgz",
      "integrity": "sha1-pwIEUwhNjNLv5wup02liY94XEKU="
    },
    "ws": {
      "version": "6.1.4",
      "resolved": "https://registry.npmjs.org/ws/-/ws-6.1.4.tgz",
      "integrity": "sha512-eqZfL+NE/YQc1/ZynhojeV8q+H050oR8AZ2uIev7RU10svA9ZnJUddHcOUZTJLinZ9yEfdA2kSATS2qZK5fhJA==",
      "requires": {
        "async-limiter": "~1.0.0"
      }
    },
    "xmlhttprequest-ssl": {
      "version": "1.5.5",
      "resolved": "https://registry.npmjs.org/xmlhttprequest-ssl/-/xmlhttprequest-ssl-1.5.5.tgz",
      "integrity": "sha1-wodrBhaKrcQOV9l+gRkayPQ5iz4="
    },
    "yeast": {
      "version": "0.1.2",
      "resolved": "https://registry.npmjs.org/yeast/-/yeast-0.1.2.tgz",
      "integrity": "sha1-AI4G2AlDIMNy28L47XagymyKxBk="
    }
  }
}
