{
  "name": "webvi-leaflet",
  "version": "1.0.0",
  "lockfileVersion": 1,
  "requires": true,
  "dependencies": {
    "leaflet": {
      "version": "1.7.1",
      "resolved": "https://registry.npmjs.org/leaflet/-/leaflet-1.7.1.tgz",
      "integrity": "sha512-/xwPEBidtg69Q3HlqPdU3DnrXQOvQU/CCHA1tcDQVzOwm91YMYaILjNp7L4Eaw5Z4sOYdbBz6koWyibppd8Zqw=="
    },
    "leaflet.markercluster": {
      "version": "1.5.0",
      "resolved": "https://registry.npmjs.org/leaflet.markercluster/-/leaflet.markercluster-1.5.0.tgz",
      "integrity": "sha512-Fvf/cq4o806mJL50n+fZW9+QALDDLPvt7vuAjlD2vfnxx3srMDs2vWINJze4nKYJYRY45OC6tM/669C3pLwMCA=="
    }
  }
}
