{
  "name": "webvi-ckeditor4",
  "version": "1.0.0",
  "lockfileVersion": 1,
  "requires": true,
  "dependencies": {
    "ckeditor4": {
      "version": "4.13.1",
      "resolved": "https://registry.npmjs.org/ckeditor4/-/ckeditor4-4.13.1.tgz",
      "integrity": "sha512-Fslq8yT9YtbIWAnexnW8cTl/fK6QiAbSaimq/iZWS/FAqSyVEJk72+fA4BczCUMx7aj/Wari0vZ8nE1L5akYCQ=="
    }
  }
}
