{
    "name": "webvi-videojs",
    "version": "1.0.0",
    "lockfileVersion": 1,
    "requires": true,
    "dependencies": {
        "@babel/runtime": {
            "version": "7.11.2",
            "resolved": "https://registry.npmjs.org/@babel/runtime/-/runtime-7.11.2.tgz",
            "integrity": "sha512-TeWkU52so0mPtDcaCTxNBI/IHiz0pZgr8VEFqXFtZWpYD08ZB6FaSwVAS8MKRQAP3bYKiVjwysOJgMFY28o6Tw==",
            "requires": {
                "regenerator-runtime": "^0.13.4"
            }
        },
        "@videojs/http-streaming": {
            "version": "1.13.2",
            "resolved": "https://registry.npmjs.org/@videojs/http-streaming/-/http-streaming-1.13.2.tgz",
            "integrity": "sha512-U4Xhh+HxGpRBx9Gm0LlEadq85k9BwckzFgZmyhacauhK/27Mz0goKKFAt+BpxBNp2oHVdAdk8NHfneinsqni3Q==",
            "requires": {
                "aes-decrypter": "3.0.0",
                "global": "^4.3.0",
                "m3u8-parser": "4.4.0",
                "mpd-parser": "0.10.0",
                "mux.js": "5.5.1",
                "url-toolkit": "^2.1.3",
                "video.js": "^6.8.0 || ^7.0.0"
            }
        },
        "@videojs/vhs-utils": {
            "version": "1.3.0",
            "resolved": "https://registry.npmjs.org/@videojs/vhs-utils/-/vhs-utils-1.3.0.tgz",
            "integrity": "sha512-oiqXDtHQqDPun7JseWkirUHGrgdYdeF12goUut5z7vwAj4DmUufEPFJ4xK5hYGXGFDyDhk2rSFOR122Ze6qXyQ==",
            "requires": {
                "@babel/runtime": "^7.5.5",
                "global": "^4.3.2",
                "url-toolkit": "^2.1.6"
            }
        },
        "@videojs/xhr": {
            "version": "2.5.1",
            "resolved": "https://registry.npmjs.org/@videojs/xhr/-/xhr-2.5.1.tgz",
            "integrity": "sha512-wV9nGESHseSK+S9ePEru2+OJZ1jq/ZbbzniGQ4weAmTIepuBMSYPx5zrxxQA0E786T5ykpO8ts+LayV+3/oI2w==",
            "requires": {
                "@babel/runtime": "^7.5.5",
                "global": "~4.4.0",
                "is-function": "^1.0.1"
            },
            "dependencies": {
                "global": {
                    "version": "4.4.0",
                    "resolved": "https://registry.npmjs.org/global/-/global-4.4.0.tgz",
                    "integrity": "sha512-wv/LAoHdRE3BeTGz53FAamhGlPLhlssK45usmGFThIi4XqnBmjKQ16u+RNbP7WvigRZDxUsM0J3gcQ5yicaL0w==",
                    "requires": {
                        "min-document": "^2.19.0",
                        "process": "^0.11.10"
                    }
                },
                "process": {
                    "version": "0.11.10",
                    "resolved": "https://registry.npmjs.org/process/-/process-0.11.10.tgz",
                    "integrity": "sha1-czIwDoQBYb2j5podHZGn1LwW8YI="
                }
            }
        },
        "aes-decrypter": {
            "version": "3.0.0",
            "resolved": "https://registry.npmjs.org/aes-decrypter/-/aes-decrypter-3.0.0.tgz",
            "integrity": "sha1-eEihwUW5/b9Xrj4rWxvHzwZEqPs=",
            "requires": {
                "commander": "^2.9.0",
                "global": "^4.3.2",
                "pkcs7": "^1.0.2"
            }
        },
        "commander": {
            "version": "2.20.3",
            "resolved": "https://registry.npmjs.org/commander/-/commander-2.20.3.tgz",
            "integrity": "sha512-GpVkmM8vF2vQUkj2LvZmD35JxeJOLCwJ9cUkugyk2nuhbv3+mJvpLYYt+0+USMxE+oj+ey/lJEnhZw75x/OMcQ=="
        },
        "dom-walk": {
            "version": "0.1.2",
            "resolved": "https://registry.npmjs.org/dom-walk/-/dom-walk-0.1.2.tgz",
            "integrity": "sha512-6QvTW9mrGeIegrFXdtQi9pk7O/nSK6lSdXW2eqUspN5LWD7UTji2Fqw5V2YLjBpHEoU9Xl/eUWNpDeZvoyOv2w=="
        },
        "global": {
            "version": "4.3.2",
            "resolved": "https://registry.npmjs.org/global/-/global-4.3.2.tgz",
            "integrity": "sha1-52mJJopsdMOJCLEwWxD8DjlOnQ8=",
            "requires": {
                "min-document": "^2.19.0",
                "process": "~0.5.1"
            }
        },
        "individual": {
            "version": "2.0.0",
            "resolved": "https://registry.npmjs.org/individual/-/individual-2.0.0.tgz",
            "integrity": "sha1-gzsJfa0jKU52EXqY+zjg2a1hu5c="
        },
        "is-function": {
            "version": "1.0.2",
            "resolved": "https://registry.npmjs.org/is-function/-/is-function-1.0.2.tgz",
            "integrity": "sha512-lw7DUp0aWXYg+CBCN+JKkcE0Q2RayZnSvnZBlwgxHBQhqt5pZNVy4Ri7H9GmmXkdu7LUthszM+Tor1u/2iBcpQ=="
        },
        "keycode": {
            "version": "2.2.0",
            "resolved": "https://registry.npmjs.org/keycode/-/keycode-2.2.0.tgz",
            "integrity": "sha1-PQr1bce4uOXLqNCpfxByBO7CKwQ="
        },
        "m3u8-parser": {
            "version": "4.4.0",
            "resolved": "https://registry.npmjs.org/m3u8-parser/-/m3u8-parser-4.4.0.tgz",
            "integrity": "sha512-iH2AygTFILtato+XAgnoPYzLHM4R3DjATj7Ozbk7EHdB2XoLF2oyOUguM7Kc4UVHbQHHL/QPaw98r7PbWzG0gg==",
            "requires": {
                "global": "^4.3.2"
            }
        },
        "min-document": {
            "version": "2.19.0",
            "resolved": "https://registry.npmjs.org/min-document/-/min-document-2.19.0.tgz",
            "integrity": "sha1-e9KC4/WELtKVu3SM3Z8f+iyCRoU=",
            "requires": {
                "dom-walk": "^0.1.0"
            }
        },
        "mpd-parser": {
            "version": "0.10.0",
            "resolved": "https://registry.npmjs.org/mpd-parser/-/mpd-parser-0.10.0.tgz",
            "integrity": "sha512-eIqkH/2osPr7tIIjhRmDWqm2wdJ7Q8oPfWvdjealzsLV2D2oNe0a0ae2gyYYs1sw5e5hdssDA2V6Sz8MW+Uvvw==",
            "requires": {
                "@babel/runtime": "^7.5.5",
                "@videojs/vhs-utils": "^1.1.0",
                "global": "^4.3.2",
                "xmldom": "^0.1.27"
            }
        },
        "mux.js": {
            "version": "5.5.1",
            "resolved": "https://registry.npmjs.org/mux.js/-/mux.js-5.5.1.tgz",
            "integrity": "sha512-5VmmjADBqS4++8pTI6poSRJ+chHdaoI4XErcQPM5w4QfwaDl+FQlSI0iOgWbYDn6CBCbDRKaSCcEiN2K5aHNGQ=="
        },
        "pkcs7": {
            "version": "1.0.2",
            "resolved": "https://registry.npmjs.org/pkcs7/-/pkcs7-1.0.2.tgz",
            "integrity": "sha1-ttulJ1KMKUK/wSLOLa/NteWQdOc="
        },
        "process": {
            "version": "0.5.2",
            "resolved": "https://registry.npmjs.org/process/-/process-0.5.2.tgz",
            "integrity": "sha1-FjjYqONML0QKkduVq5rrZ3/Bhc8="
        },
        "regenerator-runtime": {
            "version": "0.13.7",
            "resolved": "https://registry.npmjs.org/regenerator-runtime/-/regenerator-runtime-0.13.7.tgz",
            "integrity": "sha512-a54FxoJDIr27pgf7IgeQGxmqUNYrcV338lf/6gH456HZ/PhX+5BcwHXG9ajESmwe6WRO0tAzRUrRmNONWgkrew=="
        },
        "rust-result": {
            "version": "1.0.0",
            "resolved": "https://registry.npmjs.org/rust-result/-/rust-result-1.0.0.tgz",
            "integrity": "sha1-NMdbLm3Dn+WHXlveyFteD5FTb3I=",
            "requires": {
                "individual": "^2.0.0"
            }
        },
        "safe-json-parse": {
            "version": "4.0.0",
            "resolved": "https://registry.npmjs.org/safe-json-parse/-/safe-json-parse-4.0.0.tgz",
            "integrity": "sha1-fA9XjPzNEtM6ccDgVBPi7KFx6qw=",
            "requires": {
                "rust-result": "^1.0.0"
            }
        },
        "url-toolkit": {
            "version": "2.2.0",
            "resolved": "https://registry.npmjs.org/url-toolkit/-/url-toolkit-2.2.0.tgz",
            "integrity": "sha512-Rde0c9S4fJK3FaHim3DSgdQ8IFrSXcZCpAJo9T7/FA+BoQGhK0ow3mpwGQLJCPYsNn6TstpW7/7DzMpSpz9F9w=="
        },
        "video.js": {
            "version": "7.8.4",
            "resolved": "https://registry.npmjs.org/video.js/-/video.js-7.8.4.tgz",
            "integrity": "sha512-XTWWrhfdrk7nTBkqhWKslfXMpUhsDRsZ2L3ISxjuAgadpiomxFV/OARchtwxO+FdnxTm4njJstPmXbVe3F765g==",
            "requires": {
                "@babel/runtime": "^7.9.2",
                "@videojs/http-streaming": "1.13.2",
                "@videojs/xhr": "2.5.1",
                "global": "4.3.2",
                "keycode": "^2.2.0",
                "safe-json-parse": "4.0.0",
                "videojs-font": "3.2.0",
                "videojs-vtt.js": "^0.15.2"
            }
        },
        "videojs-font": {
            "version": "3.2.0",
            "resolved": "https://registry.npmjs.org/videojs-font/-/videojs-font-3.2.0.tgz",
            "integrity": "sha512-g8vHMKK2/JGorSfqAZQUmYYNnXmfec4MLhwtEFS+mMs2IDY398GLysy6BH6K+aS1KMNu/xWZ8Sue/X/mdQPliA=="
        },
        "videojs-vtt.js": {
            "version": "0.15.2",
            "resolved": "https://registry.npmjs.org/videojs-vtt.js/-/videojs-vtt.js-0.15.2.tgz",
            "integrity": "sha512-kEo4hNMvu+6KhPvVYPKwESruwhHC3oFis133LwhXHO9U7nRnx0RiJYMiqbgwjgazDEXHR6t8oGJiHM6wq5XlAw==",
            "requires": {
                "global": "^4.3.1"
            }
        },
        "xmldom": {
            "version": "0.1.31",
            "resolved": "https://registry.npmjs.org/xmldom/-/xmldom-0.1.31.tgz",
            "integrity": "sha512-yS2uJflVQs6n+CyjHoaBmVSqIDevTAWrzMmjG1Gc7h1qQ7uVozNhEPJAwZXWyGQ/Gafo3fCwrcaokezLPupVyQ=="
        }
    }
}
