{
  "name": "webvi-ar",
  "version": "1.0.0",
  "lockfileVersion": 1,
  "requires": true,
  "dependencies": {
    "ar.js": {
      "version": "2.2.2",
      "resolved": "https://registry.npmjs.org/ar.js/-/ar.js-2.2.2.tgz",
      "integrity": "sha512-ThNE9oOGcosmMRKVkkKgHgHhDpLKXikLkFGCviAka5L3GAP3mpU1S5xJ9UWviJDncfzDfyezDCGe+bm321nyqQ=="
    }
  }
}
