{
  "name": "webvi-ar",
  "version": "1.0.0",
  "lockfileVersion": 1,
  "requires": true,
  "dependencies": {
    "ar.js": {
      "version": "2.1.5",
      "resolved": "https://registry.npmjs.org/ar.js/-/ar.js-2.1.5.tgz",
      "integrity": "sha512-6dESV/v9+74rAluq0zinavpo+xxu0yeu7o29mSmqq3Gh0d7ZxJ1Di3vLh9MWVbVaqkWZZt087XWlZsdDH5SBGQ=="
    }
  }
}
