{
  "name": "webvi-trix",
  "version": "1.0.0",
  "lockfileVersion": 1,
  "requires": true,
  "dependencies": {
    "trix": {
      "version": "1.2.2",
      "resolved": "https://registry.npmjs.org/trix/-/trix-1.2.2.tgz",
      "integrity": "sha512-xNWwKDa1PG5do/qV3FRESXjM17U5ACB9Ih+x4mylLYfAgmYYTA17ExVdrrA7vCJ5J9nS1tVZFyhVTPgPTtIFVg=="
    }
  }
}
