{
  "name": "webvi-ckeditor5",
  "version": "1.0.0",
  "lockfileVersion": 1,
  "requires": true,
  "dependencies": {
    "@ckeditor/ckeditor5-build-classic": {
      "version": "15.0.0",
      "resolved": "https://registry.npmjs.org/@ckeditor/ckeditor5-build-classic/-/ckeditor5-build-classic-15.0.0.tgz",
      "integrity": "sha512-oIEYT4obF3+aPgA2BkzCZsK4vzOohpZRWn549dz/FWU6TIIBH7g5wE7CQtsMJG8KnnqC5Y+eh+HNURQxDGvj/g=="
    }
  }
}
